
Microsoft Visual Studio Solution File, Format Version 12.00
# Visual Studio Version 16
VisualStudioVersion = 16.0.30413.136
MinimumVisualStudioVersion = 10.0.40219.1
Project("{9A19103F-16F7-4668-BE54-9A1E7A4F7556}") = "DesafioConta.Domain", "src\services\DesafioConta.Domain\DesafioConta.Domain.csproj", "{85540212-E253-4C1F-9BAB-4F5D81E7F2AB}"
EndProject
Project("{9A19103F-16F7-4668-BE54-9A1E7A4F7556}") = "DesafioConta.Infra", "src\services\DesafioConta.Infra\DesafioConta.Infra.csproj", "{9A602B32-447A-43D2-88F6-0C61311B098D}"
EndProject
Project("{9A19103F-16F7-4668-BE54-9A1E7A4F7556}") = "DesafioConta.Tests", "tests\DesafioConta.Domain.Tests\DesafioConta.Tests.csproj", "{ED383A99-A248-4E98-91FA-8DE0F6D2E790}"
EndProject
Project("{2150E333-8FDC-42A3-9474-1A3956D46DE8}") = "src", "src", "{97235A52-7520-4CA5-9133-D063CF3A5337}"
EndProject
Project("{2150E333-8FDC-42A3-9474-1A3956D46DE8}") = "web", "web", "{2A63B8DD-C920-41EF-A59F-CE41108D0CB5}"
EndProject
Project("{2150E333-8FDC-42A3-9474-1A3956D46DE8}") = "services", "services", "{4E436453-0251-427D-922C-70E25A3D3512}"
EndProject
Project("{2150E333-8FDC-42A3-9474-1A3956D46DE8}") = "Account", "Account", "{60F9585F-00BC-4AF4-84B6-3AE2AEDB6CDD}"
EndProject
Project("{9A19103F-16F7-4668-BE54-9A1E7A4F7556}") = "DesafioConta.API", "src\services\DesafioConta.API\DesafioConta.API.csproj", "{349C3F12-7228-465E-AD3D-11E49FE48B11}"
EndProject
Project("{2150E333-8FDC-42A3-9474-1A3956D46DE8}") = "Building Blocks", "Building Blocks", "{6A663654-487E-4E0F-896D-5C6EE41A5211}"
EndProject
Project("{9A19103F-16F7-4668-BE54-9A1E7A4F7556}") = "DesafioConta.Core", "src\building blocks\DesafioConta.Core\DesafioConta.Core.csproj", "{BF6AECB6-1365-40D4-95FA-444130EC2D26}"
EndProject
Project("{2150E333-8FDC-42A3-9474-1A3956D46DE8}") = "Core", "Core", "{6882A8E0-3A20-4B45-98C8-8EBE86135CF3}"
EndProject
Project("{2150E333-8FDC-42A3-9474-1A3956D46DE8}") = "Services", "Services", "{AEBE41B7-A8DF-426C-9007-B6211EC382F9}"
EndProject
Project("{9A19103F-16F7-4668-BE54-9A1E7A4F7556}") = "DesafioConta.WebAPI.Core", "src\building blocks\DesafioConta.WebAPI.Core\DesafioConta.WebAPI.Core.csproj", "{BC2BC3DF-851A-4664-A7AA-C2C79A88759A}"
EndProject
Project("{9A19103F-16F7-4668-BE54-9A1E7A4F7556}") = "DesafioConta.WebApp.MVC", "src\web\DesafioConta.WebApp.MVC\DesafioConta.WebApp.MVC.csproj", "{A35B0A85-5C14-44F2-B547-9EF6F80D3938}"
EndProject
Global
	GlobalSection(SolutionConfigurationPlatforms) = preSolution
		Debug|Any CPU = Debug|Any CPU
		Release|Any CPU = Release|Any CPU
	EndGlobalSection
	GlobalSection(ProjectConfigurationPlatforms) = postSolution
		{85540212-E253-4C1F-9BAB-4F5D81E7F2AB}.Debug|Any CPU.ActiveCfg = Debug|Any CPU
		{85540212-E253-4C1F-9BAB-4F5D81E7F2AB}.Debug|Any CPU.Build.0 = Debug|Any CPU
		{85540212-E253-4C1F-9BAB-4F5D81E7F2AB}.Release|Any CPU.ActiveCfg = Release|Any CPU
		{85540212-E253-4C1F-9BAB-4F5D81E7F2AB}.Release|Any CPU.Build.0 = Release|Any CPU
		{9A602B32-447A-43D2-88F6-0C61311B098D}.Debug|Any CPU.ActiveCfg = Debug|Any CPU
		{9A602B32-447A-43D2-88F6-0C61311B098D}.Debug|Any CPU.Build.0 = Debug|Any CPU
		{9A602B32-447A-43D2-88F6-0C61311B098D}.Release|Any CPU.ActiveCfg = Release|Any CPU
		{9A602B32-447A-43D2-88F6-0C61311B098D}.Release|Any CPU.Build.0 = Release|Any CPU
		{ED383A99-A248-4E98-91FA-8DE0F6D2E790}.Debug|Any CPU.ActiveCfg = Debug|Any CPU
		{ED383A99-A248-4E98-91FA-8DE0F6D2E790}.Debug|Any CPU.Build.0 = Debug|Any CPU
		{ED383A99-A248-4E98-91FA-8DE0F6D2E790}.Release|Any CPU.ActiveCfg = Release|Any CPU
		{ED383A99-A248-4E98-91FA-8DE0F6D2E790}.Release|Any CPU.Build.0 = Release|Any CPU
		{349C3F12-7228-465E-AD3D-11E49FE48B11}.Debug|Any CPU.ActiveCfg = Debug|Any CPU
		{349C3F12-7228-465E-AD3D-11E49FE48B11}.Debug|Any CPU.Build.0 = Debug|Any CPU
		{349C3F12-7228-465E-AD3D-11E49FE48B11}.Release|Any CPU.ActiveCfg = Release|Any CPU
		{349C3F12-7228-465E-AD3D-11E49FE48B11}.Release|Any CPU.Build.0 = Release|Any CPU
		{BF6AECB6-1365-40D4-95FA-444130EC2D26}.Debug|Any CPU.ActiveCfg = Debug|Any CPU
		{BF6AECB6-1365-40D4-95FA-444130EC2D26}.Debug|Any CPU.Build.0 = Debug|Any CPU
		{BF6AECB6-1365-40D4-95FA-444130EC2D26}.Release|Any CPU.ActiveCfg = Release|Any CPU
		{BF6AECB6-1365-40D4-95FA-444130EC2D26}.Release|Any CPU.Build.0 = Release|Any CPU
		{BC2BC3DF-851A-4664-A7AA-C2C79A88759A}.Debug|Any CPU.ActiveCfg = Debug|Any CPU
		{BC2BC3DF-851A-4664-A7AA-C2C79A88759A}.Debug|Any CPU.Build.0 = Debug|Any CPU
		{BC2BC3DF-851A-4664-A7AA-C2C79A88759A}.Release|Any CPU.ActiveCfg = Release|Any CPU
		{BC2BC3DF-851A-4664-A7AA-C2C79A88759A}.Release|Any CPU.Build.0 = Release|Any CPU
		{A35B0A85-5C14-44F2-B547-9EF6F80D3938}.Debug|Any CPU.ActiveCfg = Debug|Any CPU
		{A35B0A85-5C14-44F2-B547-9EF6F80D3938}.Debug|Any CPU.Build.0 = Debug|Any CPU
		{A35B0A85-5C14-44F2-B547-9EF6F80D3938}.Release|Any CPU.ActiveCfg = Release|Any CPU
		{A35B0A85-5C14-44F2-B547-9EF6F80D3938}.Release|Any CPU.Build.0 = Release|Any CPU
	EndGlobalSection
	GlobalSection(SolutionProperties) = preSolution
		HideSolutionNode = FALSE
	EndGlobalSection
	GlobalSection(NestedProjects) = preSolution
		{85540212-E253-4C1F-9BAB-4F5D81E7F2AB} = {60F9585F-00BC-4AF4-84B6-3AE2AEDB6CDD}
		{9A602B32-447A-43D2-88F6-0C61311B098D} = {60F9585F-00BC-4AF4-84B6-3AE2AEDB6CDD}
		{ED383A99-A248-4E98-91FA-8DE0F6D2E790} = {60F9585F-00BC-4AF4-84B6-3AE2AEDB6CDD}
		{2A63B8DD-C920-41EF-A59F-CE41108D0CB5} = {97235A52-7520-4CA5-9133-D063CF3A5337}
		{4E436453-0251-427D-922C-70E25A3D3512} = {97235A52-7520-4CA5-9133-D063CF3A5337}
		{60F9585F-00BC-4AF4-84B6-3AE2AEDB6CDD} = {4E436453-0251-427D-922C-70E25A3D3512}
		{349C3F12-7228-465E-AD3D-11E49FE48B11} = {60F9585F-00BC-4AF4-84B6-3AE2AEDB6CDD}
		{6A663654-487E-4E0F-896D-5C6EE41A5211} = {97235A52-7520-4CA5-9133-D063CF3A5337}
		{BF6AECB6-1365-40D4-95FA-444130EC2D26} = {6882A8E0-3A20-4B45-98C8-8EBE86135CF3}
		{6882A8E0-3A20-4B45-98C8-8EBE86135CF3} = {6A663654-487E-4E0F-896D-5C6EE41A5211}
		{AEBE41B7-A8DF-426C-9007-B6211EC382F9} = {6A663654-487E-4E0F-896D-5C6EE41A5211}
		{BC2BC3DF-851A-4664-A7AA-C2C79A88759A} = {AEBE41B7-A8DF-426C-9007-B6211EC382F9}
		{A35B0A85-5C14-44F2-B547-9EF6F80D3938} = {2A63B8DD-C920-41EF-A59F-CE41108D0CB5}
	EndGlobalSection
	GlobalSection(ExtensibilityGlobals) = postSolution
		SolutionGuid = {05549638-0342-4E2F-9178-A62AA3EB16E0}
	EndGlobalSection
EndGlobal
